// !$*UTF8*$!
{
	archiveVersion = 1;
	classes = {
	};
	objectVersion = 46;
	objects = {

/* Begin PBXBuildFile section */
		14B1E5391DECBDBE004B68F6 /* Controller_Clients.swift in Sources */ = {isa = PBXBuildFile; fileRef = 14B1E5381DECBDBE004B68F6 /* Controller_Clients.swift */; };
		14B1E53B1DECC0AD004B68F6 /* Controller_Settings.swift in Sources */ = {isa = PBXBuildFile; fileRef = 14B1E53A1DECC0AD004B68F6 /* Controller_Settings.swift */; };
		14B1E53F1DECC0E0004B68F6 /* Controller_Favorites.swift in Sources */ = {isa = PBXBuildFile; fileRef = 14B1E53E1DECC0E0004B68F6 /* Controller_Favorites.swift */; };
		14B1E5411DECC0F0004B68F6 /* Controller_Search.swift in Sources */ = {isa = PBXBuildFile; fileRef = 14B1E5401DECC0F0004B68F6 /* Controller_Search.swift */; };
		14B1E5481DECDA41004B68F6 /* Main.storyboard in Resources */ = {isa = PBXBuildFile; fileRef = 14B1E5461DECDA41004B68F6 /* Main.storyboard */; };
		14B1E5B01DEE204D004B68F6 /* Controller_AddNewService.swift in Sources */ = {isa = PBXBuildFile; fileRef = 14B1E5AF1DEE204D004B68F6 /* Controller_AddNewService.swift */; };
		14D8C52B1DEC975100CC0A9C /* AppDelegate.swift in Sources */ = {isa = PBXBuildFile; fileRef = 14D8C52A1DEC975100CC0A9C /* AppDelegate.swift */; };
		14D8C52D1DEC975100CC0A9C /* Controller_Main.swift in Sources */ = {isa = PBXBuildFile; fileRef = 14D8C52C1DEC975100CC0A9C /* Controller_Main.swift */; };
		14D8C5321DEC975100CC0A9C /* Assets.xcassets in Resources */ = {isa = PBXBuildFile; fileRef = 14D8C5311DEC975100CC0A9C /* Assets.xcassets */; };
		14D8C5351DEC975100CC0A9C /* LaunchScreen.storyboard in Resources */ = {isa = PBXBuildFile; fileRef = 14D8C5331DEC975100CC0A9C /* LaunchScreen.storyboard */; };
		14D8C53D1DEC981900CC0A9C /* Service.swift in Sources */ = {isa = PBXBuildFile; fileRef = 14D8C53C1DEC981900CC0A9C /* Service.swift */; };
		14D8C53F1DEC984A00CC0A9C /* Generation.swift in Sources */ = {isa = PBXBuildFile; fileRef = 14D8C53E1DEC984A00CC0A9C /* Generation.swift */; };
		14D8C5411DEC989200CC0A9C /* Client.swift in Sources */ = {isa = PBXBuildFile; fileRef = 14D8C5401DEC989200CC0A9C /* Client.swift */; };
		14D8C5431DEC98BC00CC0A9C /* TestAccount.swift in Sources */ = {isa = PBXBuildFile; fileRef = 14D8C5421DEC98BC00CC0A9C /* TestAccount.swift */; };
		64D73F781DF5D56A004A5CBC /* Settings.storyboard in Resources */ = {isa = PBXBuildFile; fileRef = 64D73F771DF5D56A004A5CBC /* Settings.storyboard */; };
		64D73F7A1DF5D58A004A5CBC /* Favorites.storyboard in Resources */ = {isa = PBXBuildFile; fileRef = 64D73F791DF5D58A004A5CBC /* Favorites.storyboard */; };
		64D73F7C1DF5D59D004A5CBC /* Search.storyboard in Resources */ = {isa = PBXBuildFile; fileRef = 64D73F7B1DF5D59D004A5CBC /* Search.storyboard */; };
		64D73F7E1DF5D759004A5CBC /* Home.storyboard in Resources */ = {isa = PBXBuildFile; fileRef = 64D73F7D1DF5D759004A5CBC /* Home.storyboard */; };
		659048EE1DF6016A00A8809B /* FavoriteTableViewCell.swift in Sources */ = {isa = PBXBuildFile; fileRef = 659048ED1DF6016A00A8809B /* FavoriteTableViewCell.swift */; };
/* End PBXBuildFile section */

/* Begin PBXFileReference section */
		14B1E5381DECBDBE004B68F6 /* Controller_Clients.swift */ = {isa = PBXFileReference; fileEncoding = 4; lastKnownFileType = sourcecode.swift; path = Controller_Clients.swift; sourceTree = "<group>"; };
		14B1E53A1DECC0AD004B68F6 /* Controller_Settings.swift */ = {isa = PBXFileReference; fileEncoding = 4; lastKnownFileType = sourcecode.swift; path = Controller_Settings.swift; sourceTree = "<group>"; };
		14B1E53E1DECC0E0004B68F6 /* Controller_Favorites.swift */ = {isa = PBXFileReference; fileEncoding = 4; lastKnownFileType = sourcecode.swift; name = Controller_Favorites.swift; path = ../Controller_Favorites.swift; sourceTree = "<group>"; };
		14B1E5401DECC0F0004B68F6 /* Controller_Search.swift */ = {isa = PBXFileReference; fileEncoding = 4; lastKnownFileType = sourcecode.swift; name = Controller_Search.swift; path = ../Controller_Search.swift; sourceTree = "<group>"; };
		14B1E5471DECDA41004B68F6 /* Base */ = {isa = PBXFileReference; lastKnownFileType = file.storyboard; name = Base; path = Base.lproj/Main.storyboard; sourceTree = "<group>"; };
		14B1E5AF1DEE204D004B68F6 /* Controller_AddNewService.swift */ = {isa = PBXFileReference; fileEncoding = 4; lastKnownFileType = sourcecode.swift; path = Controller_AddNewService.swift; sourceTree = "<group>"; };
		14D8C5271DEC975100CC0A9C /* ISDA.app */ = {isa = PBXFileReference; explicitFileType = wrapper.application; includeInIndex = 0; path = ISDA.app; sourceTree = BUILT_PRODUCTS_DIR; };
		14D8C52A1DEC975100CC0A9C /* AppDelegate.swift */ = {isa = PBXFileReference; lastKnownFileType = sourcecode.swift; path = AppDelegate.swift; sourceTree = "<group>"; };
		14D8C52C1DEC975100CC0A9C /* Controller_Main.swift */ = {isa = PBXFileReference; lastKnownFileType = sourcecode.swift; path = Controller_Main.swift; sourceTree = "<group>"; };
		14D8C5311DEC975100CC0A9C /* Assets.xcassets */ = {isa = PBXFileReference; lastKnownFileType = folder.assetcatalog; path = Assets.xcassets; sourceTree = "<group>"; };
		14D8C5341DEC975100CC0A9C /* Base */ = {isa = PBXFileReference; lastKnownFileType = file.storyboard; name = Base; path = Base.lproj/LaunchScreen.storyboard; sourceTree = "<group>"; };
		14D8C5361DEC975100CC0A9C /* Info.plist */ = {isa = PBXFileReference; lastKnownFileType = text.plist.xml; path = Info.plist; sourceTree = "<group>"; };
		14D8C53C1DEC981900CC0A9C /* Service.swift */ = {isa = PBXFileReference; fileEncoding = 4; lastKnownFileType = sourcecode.swift; path = Service.swift; sourceTree = "<group>"; };
		14D8C53E1DEC984A00CC0A9C /* Generation.swift */ = {isa = PBXFileReference; fileEncoding = 4; lastKnownFileType = sourcecode.swift; path = Generation.swift; sourceTree = "<group>"; };
		14D8C5401DEC989200CC0A9C /* Client.swift */ = {isa = PBXFileReference; fileEncoding = 4; lastKnownFileType = sourcecode.swift; path = Client.swift; sourceTree = "<group>"; };
		14D8C5421DEC98BC00CC0A9C /* TestAccount.swift */ = {isa = PBXFileReference; fileEncoding = 4; lastKnownFileType = sourcecode.swift; path = TestAccount.swift; sourceTree = "<group>"; };
		64D73F771DF5D56A004A5CBC /* Settings.storyboard */ = {isa = PBXFileReference; fileEncoding = 4; lastKnownFileType = file.storyboard; path = Settings.storyboard; sourceTree = "<group>"; };
		64D73F791DF5D58A004A5CBC /* Favorites.storyboard */ = {isa = PBXFileReference; fileEncoding = 4; lastKnownFileType = file.storyboard; path = Favorites.storyboard; sourceTree = "<group>"; };
		64D73F7B1DF5D59D004A5CBC /* Search.storyboard */ = {isa = PBXFileReference; fileEncoding = 4; lastKnownFileType = file.storyboard; path = Search.storyboard; sourceTree = "<group>"; };
		64D73F7D1DF5D759004A5CBC /* Home.storyboard */ = {isa = PBXFileReference; fileEncoding = 4; lastKnownFileType = file.storyboard; path = Home.storyboard; sourceTree = "<group>"; };
		659048ED1DF6016A00A8809B /* FavoriteTableViewCell.swift */ = {isa = PBXFileReference; fileEncoding = 4; lastKnownFileType = sourcecode.swift; path = FavoriteTableViewCell.swift; sourceTree = "<group>"; };
/* End PBXFileReference section */

/* Begin PBXFrameworksBuildPhase section */
		14D8C5241DEC975100CC0A9C /* Frameworks */ = {
			isa = PBXFrameworksBuildPhase;
			buildActionMask = 2147483647;
			files = (
			);
			runOnlyForDeploymentPostprocessing = 0;
		};
/* End PBXFrameworksBuildPhase section */

/* Begin PBXGroup section */
		14B1E5421DECC109004B68F6 /* Clients */ = {
			isa = PBXGroup;
			children = (
				14B1E5381DECBDBE004B68F6 /* Controller_Clients.swift */,
			);
			name = Clients;
			sourceTree = "<group>";
		};
		14B1E5431DECC121004B68F6 /* Objects */ = {
			isa = PBXGroup;
			children = (
				14D8C5401DEC989200CC0A9C /* Client.swift */,
				14D8C53E1DEC984A00CC0A9C /* Generation.swift */,
				14D8C53C1DEC981900CC0A9C /* Service.swift */,
				14D8C5421DEC98BC00CC0A9C /* TestAccount.swift */,
			);
			name = Objects;
			sourceTree = "<group>";
		};
		14D8C51E1DEC975100CC0A9C = {
			isa = PBXGroup;
			children = (
				14D8C5291DEC975100CC0A9C /* ISDA */,
				14D8C5281DEC975100CC0A9C /* Products */,
			);
			sourceTree = "<group>";
		};
		14D8C5281DEC975100CC0A9C /* Products */ = {
			isa = PBXGroup;
			children = (
				14D8C5271DEC975100CC0A9C /* ISDA.app */,
			);
			name = Products;
			sourceTree = "<group>";
		};
		14D8C5291DEC975100CC0A9C /* ISDA */ = {
			isa = PBXGroup;
			children = (
				14D8C52A1DEC975100CC0A9C /* AppDelegate.swift */,
				14D8C5331DEC975100CC0A9C /* LaunchScreen.storyboard */,
				14B1E5461DECDA41004B68F6 /* Main.storyboard */,
				14B1E5431DECC121004B68F6 /* Objects */,
				64D73F851DF5DEF4004A5CBC /* Modules */,
				14D8C5311DEC975100CC0A9C /* Assets.xcassets */,
				14D8C5361DEC975100CC0A9C /* Info.plist */,
			);
			path = ISDA;
			sourceTree = "<group>";
		};
		64D73F801DF5DEA1004A5CBC /* AddNewService */ = {
			isa = PBXGroup;
			children = (
				14B1E5AF1DEE204D004B68F6 /* Controller_AddNewService.swift */,
			);
			name = AddNewService;
			sourceTree = "<group>";
		};
		64D73F811DF5DEAE004A5CBC /* Favorites */ = {
			isa = PBXGroup;
			children = (
				64D73F791DF5D58A004A5CBC /* Favorites.storyboard */,
				14B1E53E1DECC0E0004B68F6 /* Controller_Favorites.swift */,
				659048ED1DF6016A00A8809B /* FavoriteTableViewCell.swift */,
			);
			name = Favorites;
			sourceTree = "<group>";
		};
		64D73F821DF5DEBB004A5CBC /* Home */ = {
			isa = PBXGroup;
			children = (
				64D73F7D1DF5D759004A5CBC /* Home.storyboard */,
				14D8C52C1DEC975100CC0A9C /* Controller_Main.swift */,
			);
			name = Home;
			sourceTree = "<group>";
		};
		64D73F831DF5DEC2004A5CBC /* Search */ = {
			isa = PBXGroup;
			children = (
				64D73F7B1DF5D59D004A5CBC /* Search.storyboard */,
				14B1E5401DECC0F0004B68F6 /* Controller_Search.swift */,
			);
			name = Search;
			sourceTree = "<group>";
		};
		64D73F841DF5DEC7004A5CBC /* Settings */ = {
			isa = PBXGroup;
			children = (
				64D73F771DF5D56A004A5CBC /* Settings.storyboard */,
				14B1E53A1DECC0AD004B68F6 /* Controller_Settings.swift */,
			);
			name = Settings;
			sourceTree = "<group>";
		};
		64D73F851DF5DEF4004A5CBC /* Modules */ = {
			isa = PBXGroup;
			children = (
				14B1E5421DECC109004B68F6 /* Clients */,
				64D73F841DF5DEC7004A5CBC /* Settings */,
				64D73F831DF5DEC2004A5CBC /* Search */,
				64D73F821DF5DEBB004A5CBC /* Home */,
				64D73F811DF5DEAE004A5CBC /* Favorites */,
				64D73F801DF5DEA1004A5CBC /* AddNewService */,
			);
			name = Modules;
			sourceTree = "<group>";
		};
/* End PBXGroup section */

/* Begin PBXNativeTarget section */
		14D8C5261DEC975100CC0A9C /* ISDA */ = {
			isa = PBXNativeTarget;
			buildConfigurationList = 14D8C5391DEC975100CC0A9C /* Build configuration list for PBXNativeTarget "ISDA" */;
			buildPhases = (
				14D8C5231DEC975100CC0A9C /* Sources */,
				14D8C5241DEC975100CC0A9C /* Frameworks */,
				14D8C5251DEC975100CC0A9C /* Resources */,
			);
			buildRules = (
			);
			dependencies = (
			);
			name = ISDA;
			productName = ISDA;
			productReference = 14D8C5271DEC975100CC0A9C /* ISDA.app */;
			productType = "com.apple.product-type.application";
		};
/* End PBXNativeTarget section */

/* Begin PBXProject section */
		14D8C51F1DEC975100CC0A9C /* Project object */ = {
			isa = PBXProject;
			attributes = {
				LastSwiftUpdateCheck = 0810;
				LastUpgradeCheck = 0810;
				ORGANIZATIONNAME = Zack;
				TargetAttributes = {
					14D8C5261DEC975100CC0A9C = {
						CreatedOnToolsVersion = 8.1;
						ProvisioningStyle = Automatic;
					};
				};
			};
			buildConfigurationList = 14D8C5221DEC975100CC0A9C /* Build configuration list for PBXProject "ISDA" */;
			compatibilityVersion = "Xcode 3.2";
			developmentRegion = English;
			hasScannedForEncodings = 0;
			knownRegions = (
				en,
				Base,
			);
			mainGroup = 14D8C51E1DEC975100CC0A9C;
			productRefGroup = 14D8C5281DEC975100CC0A9C /* Products */;
			projectDirPath = "";
			projectRoot = "";
			targets = (
				14D8C5261DEC975100CC0A9C /* ISDA */,
			);
		};
/* End PBXProject section */

/* Begin PBXResourcesBuildPhase section */
		14D8C5251DEC975100CC0A9C /* Resources */ = {
			isa = PBXResourcesBuildPhase;
			buildActionMask = 2147483647;
			files = (
				64D73F7E1DF5D759004A5CBC /* Home.storyboard in Resources */,
				14B1E5481DECDA41004B68F6 /* Main.storyboard in Resources */,
				14D8C5351DEC975100CC0A9C /* LaunchScreen.storyboard in Resources */,
				14D8C5321DEC975100CC0A9C /* Assets.xcassets in Resources */,
				64D73F781DF5D56A004A5CBC /* Settings.storyboard in Resources */,
				64D73F7C1DF5D59D004A5CBC /* Search.storyboard in Resources */,
				64D73F7A1DF5D58A004A5CBC /* Favorites.storyboard in Resources */,
			);
			runOnlyForDeploymentPostprocessing = 0;
		};
/* End PBXResourcesBuildPhase section */

/* Begin PBXSourcesBuildPhase section */
		14D8C5231DEC975100CC0A9C /* Sources */ = {
			isa = PBXSourcesBuildPhase;
			buildActionMask = 2147483647;
			files = (
				14B1E53B1DECC0AD004B68F6 /* Controller_Settings.swift in Sources */,
				659048EE1DF6016A00A8809B /* FavoriteTableViewCell.swift in Sources */,
				14D8C52D1DEC975100CC0A9C /* Controller_Main.swift in Sources */,
				14B1E5B01DEE204D004B68F6 /* Controller_AddNewService.swift in Sources */,
				14D8C5431DEC98BC00CC0A9C /* TestAccount.swift in Sources */,
				14B1E5391DECBDBE004B68F6 /* Controller_Clients.swift in Sources */,
				14B1E53F1DECC0E0004B68F6 /* Controller_Favorites.swift in Sources */,
				14D8C52B1DEC975100CC0A9C /* AppDelegate.swift in Sources */,
				14D8C53D1DEC981900CC0A9C /* Service.swift in Sources */,
				14B1E5411DECC0F0004B68F6 /* Controller_Search.swift in Sources */,
				14D8C5411DEC989200CC0A9C /* Client.swift in Sources */,
				14D8C53F1DEC984A00CC0A9C /* Generation.swift in Sources */,
			);
			runOnlyForDeploymentPostprocessing = 0;
		};
/* End PBXSourcesBuildPhase section */

/* Begin PBXVariantGroup section */
		14B1E5461DECDA41004B68F6 /* Main.storyboard */ = {
			isa = PBXVariantGroup;
			children = (
				14B1E5471DECDA41004B68F6 /* Base */,
			);
			name = Main.storyboard;
			sourceTree = "<group>";
		};
		14D8C5331DEC975100CC0A9C /* LaunchScreen.storyboard */ = {
			isa = PBXVariantGroup;
			children = (
				14D8C5341DEC975100CC0A9C /* Base */,
			);
			name = LaunchScreen.storyboard;
			sourceTree = "<group>";
		};
/* End PBXVariantGroup section */

/* Begin XCBuildConfiguration section */
		14D8C5371DEC975100CC0A9C /* Debug */ = {
			isa = XCBuildConfiguration;
			buildSettings = {
				ALWAYS_SEARCH_USER_PATHS = NO;
				CLANG_ANALYZER_NONNULL = YES;
				CLANG_CXX_LANGUAGE_STANDARD = "gnu++0x";
				CLANG_CXX_LIBRARY = "libc++";
				CLANG_ENABLE_MODULES = YES;
				CLANG_ENABLE_OBJC_ARC = YES;
				CLANG_WARN_BOOL_CONVERSION = YES;
				CLANG_WARN_CONSTANT_CONVERSION = YES;
				CLANG_WARN_DIRECT_OBJC_ISA_USAGE = YES_ERROR;
				CLANG_WARN_DOCUMENTATION_COMMENTS = YES;
				CLANG_WARN_EMPTY_BODY = YES;
				CLANG_WARN_ENUM_CONVERSION = YES;
				CLANG_WARN_INFINITE_RECURSION = YES;
				CLANG_WARN_INT_CONVERSION = YES;
				CLANG_WARN_OBJC_ROOT_CLASS = YES_ERROR;
				CLANG_WARN_SUSPICIOUS_MOVES = YES;
				CLANG_WARN_UNREACHABLE_CODE = YES;
				CLANG_WARN__DUPLICATE_METHOD_MATCH = YES;
				"CODE_SIGN_IDENTITY[sdk=iphoneos*]" = "iPhone Developer";
				COPY_PHASE_STRIP = NO;
				DEBUG_INFORMATION_FORMAT = dwarf;
				ENABLE_STRICT_OBJC_MSGSEND = YES;
				ENABLE_TESTABILITY = YES;
				GCC_C_LANGUAGE_STANDARD = gnu99;
				GCC_DYNAMIC_NO_PIC = NO;
				GCC_NO_COMMON_BLOCKS = YES;
				GCC_OPTIMIZATION_LEVEL = 0;
				GCC_PREPROCESSOR_DEFINITIONS = (
					"DEBUG=1",
					"$(inherited)",
				);
				GCC_WARN_64_TO_32_BIT_CONVERSION = YES;
				GCC_WARN_ABOUT_RETURN_TYPE = YES_ERROR;
				GCC_WARN_UNDECLARED_SELECTOR = YES;
				GCC_WARN_UNINITIALIZED_AUTOS = YES_AGGRESSIVE;
				GCC_WARN_UNUSED_FUNCTION = YES;
				GCC_WARN_UNUSED_VARIABLE = YES;
				IPHONEOS_DEPLOYMENT_TARGET = 10.1;
				MTL_ENABLE_DEBUG_INFO = YES;
				ONLY_ACTIVE_ARCH = YES;
				SDKROOT = iphoneos;
				SWIFT_ACTIVE_COMPILATION_CONDITIONS = DEBUG;
				SWIFT_OPTIMIZATION_LEVEL = "-Onone";
				TARGETED_DEVICE_FAMILY = "1,2";
			};
			name = Debug;
		};
		14D8C5381DEC975100CC0A9C /* Release */ = {
			isa = XCBuildConfiguration;
			buildSettings = {
				ALWAYS_SEARCH_USER_PATHS = NO;
				CLANG_ANALYZER_NONNULL = YES;
				CLANG_CXX_LANGUAGE_STANDARD = "gnu++0x";
				CLANG_CXX_LIBRARY = "libc++";
				CLANG_ENABLE_MODULES = YES;
				CLANG_ENABLE_OBJC_ARC = YES;
				CLANG_WARN_BOOL_CONVERSION = YES;
				CLANG_WARN_CONSTANT_CONVERSION = YES;
				CLANG_WARN_DIRECT_OBJC_ISA_USAGE = YES_ERROR;
				CLANG_WARN_DOCUMENTATION_COMMENTS = YES;
				CLANG_WARN_EMPTY_BODY = YES;
				CLANG_WARN_ENUM_CONVERSION = YES;
				CLANG_WARN_INFINITE_RECURSION = YES;
				CLANG_WARN_INT_CONVERSION = YES;
				CLANG_WARN_OBJC_ROOT_CLASS = YES_ERROR;
				CLANG_WARN_SUSPICIOUS_MOVES = YES;
				CLANG_WARN_UNREACHABLE_CODE = YES;
				CLANG_WARN__DUPLICATE_METHOD_MATCH = YES;
				"CODE_SIGN_IDENTITY[sdk=iphoneos*]" = "iPhone Developer";
				COPY_PHASE_STRIP = NO;
				DEBUG_INFORMATION_FORMAT = "dwarf-with-dsym";
				ENABLE_NS_ASSERTIONS = NO;
				ENABLE_STRICT_OBJC_MSGSEND = YES;
				GCC_C_LANGUAGE_STANDARD = gnu99;
				GCC_NO_COMMON_BLOCKS = YES;
				GCC_WARN_64_TO_32_BIT_CONVERSION = YES;
				GCC_WARN_ABOUT_RETURN_TYPE = YES_ERROR;
				GCC_WARN_UNDECLARED_SELECTOR = YES;
				GCC_WARN_UNINITIALIZED_AUTOS = YES_AGGRESSIVE;
				GCC_WARN_UNUSED_FUNCTION = YES;
				GCC_WARN_UNUSED_VARIABLE = YES;
				IPHONEOS_DEPLOYMENT_TARGET = 10.1;
				MTL_ENABLE_DEBUG_INFO = NO;
				SDKROOT = iphoneos;
				SWIFT_OPTIMIZATION_LEVEL = "-Owholemodule";
				TARGETED_DEVICE_FAMILY = "1,2";
				VALIDATE_PRODUCT = YES;
			};
			name = Release;
		};
		14D8C53A1DEC975100CC0A9C /* Debug */ = {
			isa = XCBuildConfiguration;
			buildSettings = {
				ASSETCATALOG_COMPILER_APPICON_NAME = AppIcon;
				INFOPLIST_FILE = ISDA/Info.plist;
				LD_RUNPATH_SEARCH_PATHS = "$(inherited) @executable_path/Frameworks";
				PRODUCT_BUNDLE_IDENTIFIER = Swift.ISDA;
				PRODUCT_NAME = "$(TARGET_NAME)";
				SWIFT_VERSION = 3.0;
			};
			name = Debug;
		};
		14D8C53B1DEC975100CC0A9C /* Release */ = {
			isa = XCBuildConfiguration;
			buildSettings = {
				ASSETCATALOG_COMPILER_APPICON_NAME = AppIcon;
				INFOPLIST_FILE = ISDA/Info.plist;
				LD_RUNPATH_SEARCH_PATHS = "$(inherited) @executable_path/Frameworks";
				PRODUCT_BUNDLE_IDENTIFIER = Swift.ISDA;
				PRODUCT_NAME = "$(TARGET_NAME)";
				SWIFT_VERSION = 3.0;
			};
			name = Release;
		};
/* End XCBuildConfiguration section */

/* Begin XCConfigurationList section */
		14D8C5221DEC975100CC0A9C /* Build configuration list for PBXProject "ISDA" */ = {
			isa = XCConfigurationList;
			buildConfigurations = (
				14D8C5371DEC975100CC0A9C /* Debug */,
				14D8C5381DEC975100CC0A9C /* Release */,
			);
			defaultConfigurationIsVisible = 0;
			defaultConfigurationName = Release;
		};
		14D8C5391DEC975100CC0A9C /* Build configuration list for PBXNativeTarget "ISDA" */ = {
			isa = XCConfigurationList;
			buildConfigurations = (
				14D8C53A1DEC975100CC0A9C /* Debug */,
				14D8C53B1DEC975100CC0A9C /* Release */,
			);
			defaultConfigurationIsVisible = 0;
			defaultConfigurationName = Release;
		};
/* End XCConfigurationList section */
	};
	rootObject = 14D8C51F1DEC975100CC0A9C /* Project object */;
}
