// !$*UTF8*$!
{
	archiveVersion = 1;
	classes = {
	};
	objectVersion = 46;
	objects = {

/* Begin PBXBuildFile section */
		140080861DCCBDC2005DC33F /* Service.swift in Sources */ = {isa = PBXBuildFile; fileRef = 140080851DCCBDC2005DC33F /* Service.swift */; };
		140423821DB9569700D0AA6D /* AppDelegate.swift in Sources */ = {isa = PBXBuildFile; fileRef = 140423811DB9569700D0AA6D /* AppDelegate.swift */; };
		140423841DB9569700D0AA6D /* Controller_Main.swift in Sources */ = {isa = PBXBuildFile; fileRef = 140423831DB9569700D0AA6D /* Controller_Main.swift */; };
		140423861DB9569700D0AA6D /* Controller_WebView.swift in Sources */ = {isa = PBXBuildFile; fileRef = 140423851DB9569700D0AA6D /* Controller_WebView.swift */; };
		140423891DB9569700D0AA6D /* Main.storyboard in Resources */ = {isa = PBXBuildFile; fileRef = 140423871DB9569700D0AA6D /* Main.storyboard */; };
		1404238B1DB9569700D0AA6D /* Assets.xcassets in Resources */ = {isa = PBXBuildFile; fileRef = 1404238A1DB9569700D0AA6D /* Assets.xcassets */; };
		1404238E1DB9569700D0AA6D /* LaunchScreen.storyboard in Resources */ = {isa = PBXBuildFile; fileRef = 1404238C1DB9569700D0AA6D /* LaunchScreen.storyboard */; };
		140423991DB9569700D0AA6D /* Test_thisTests.swift in Sources */ = {isa = PBXBuildFile; fileRef = 140423981DB9569700D0AA6D /* Test_thisTests.swift */; };
		140423A41DB956B600D0AA6D /* Client.swift in Sources */ = {isa = PBXBuildFile; fileRef = 140423A31DB956B600D0AA6D /* Client.swift */; };
		142366EB1DC3A1DE004926E0 /* TestAccount.swift in Sources */ = {isa = PBXBuildFile; fileRef = 142366EA1DC3A1DE004926E0 /* TestAccount.swift */; };
		142366ED1DC3C082004926E0 /* Controller_LaunchOptions.swift in Sources */ = {isa = PBXBuildFile; fileRef = 142366EC1DC3C082004926E0 /* Controller_LaunchOptions.swift */; };
		14A5CFDC1DD4EF1F0036622E /* NotificationCenter.framework in Frameworks */ = {isa = PBXBuildFile; fileRef = 14A5CFDB1DD4EF1F0036622E /* NotificationCenter.framework */; };
		14A5CFDF1DD4EF1F0036622E /* TodayViewController.swift in Sources */ = {isa = PBXBuildFile; fileRef = 14A5CFDE1DD4EF1F0036622E /* TodayViewController.swift */; };
		14A5CFE21DD4EF1F0036622E /* MainInterface.storyboard in Resources */ = {isa = PBXBuildFile; fileRef = 14A5CFE01DD4EF1F0036622E /* MainInterface.storyboard */; };
		14A5CFE61DD4EF1F0036622E /* TestWidget.appex in Embed App Extensions */ = {isa = PBXBuildFile; fileRef = 14A5CFD91DD4EF1F0036622E /* TestWidget.appex */; settings = {ATTRIBUTES = (RemoveHeadersOnCopy, ); }; };
/* End PBXBuildFile section */

/* Begin PBXContainerItemProxy section */
		140423951DB9569700D0AA6D /* PBXContainerItemProxy */ = {
			isa = PBXContainerItemProxy;
			containerPortal = 140423761DB9569700D0AA6D /* Project object */;
			proxyType = 1;
			remoteGlobalIDString = 1404237D1DB9569700D0AA6D;
			remoteInfo = "Test this";
		};
		14A5CFE41DD4EF1F0036622E /* PBXContainerItemProxy */ = {
			isa = PBXContainerItemProxy;
			containerPortal = 140423761DB9569700D0AA6D /* Project object */;
			proxyType = 1;
			remoteGlobalIDString = 14A5CFD81DD4EF1F0036622E;
			remoteInfo = TestWidget;
		};
/* End PBXContainerItemProxy section */

/* Begin PBXCopyFilesBuildPhase section */
		14A5CFEA1DD4EF1F0036622E /* Embed App Extensions */ = {
			isa = PBXCopyFilesBuildPhase;
			buildActionMask = 2147483647;
			dstPath = "";
			dstSubfolderSpec = 13;
			files = (
				14A5CFE61DD4EF1F0036622E /* TestWidget.appex in Embed App Extensions */,
			);
			name = "Embed App Extensions";
			runOnlyForDeploymentPostprocessing = 0;
		};
/* End PBXCopyFilesBuildPhase section */

/* Begin PBXFileReference section */
		140080851DCCBDC2005DC33F /* Service.swift */ = {isa = PBXFileReference; fileEncoding = 4; lastKnownFileType = sourcecode.swift; name = Service.swift; path = Assets.xcassets/Service.swift; sourceTree = "<group>"; };
		1404237E1DB9569700D0AA6D /* Demo Repository.app */ = {isa = PBXFileReference; explicitFileType = wrapper.application; includeInIndex = 0; path = "Demo Repository.app"; sourceTree = BUILT_PRODUCTS_DIR; };
		140423811DB9569700D0AA6D /* AppDelegate.swift */ = {isa = PBXFileReference; lastKnownFileType = sourcecode.swift; path = AppDelegate.swift; sourceTree = "<group>"; };
		140423831DB9569700D0AA6D /* Controller_Main.swift */ = {isa = PBXFileReference; lastKnownFileType = sourcecode.swift; path = Controller_Main.swift; sourceTree = "<group>"; };
		140423851DB9569700D0AA6D /* Controller_WebView.swift */ = {isa = PBXFileReference; lastKnownFileType = sourcecode.swift; path = Controller_WebView.swift; sourceTree = "<group>"; };
		140423881DB9569700D0AA6D /* Base */ = {isa = PBXFileReference; lastKnownFileType = file.storyboard; name = Base; path = Base.lproj/Main.storyboard; sourceTree = "<group>"; };
		1404238A1DB9569700D0AA6D /* Assets.xcassets */ = {isa = PBXFileReference; lastKnownFileType = folder.assetcatalog; path = Assets.xcassets; sourceTree = "<group>"; };
		1404238D1DB9569700D0AA6D /* Base */ = {isa = PBXFileReference; lastKnownFileType = file.storyboard; name = Base; path = Base.lproj/LaunchScreen.storyboard; sourceTree = "<group>"; };
		1404238F1DB9569700D0AA6D /* Info.plist */ = {isa = PBXFileReference; lastKnownFileType = text.plist.xml; path = Info.plist; sourceTree = "<group>"; };
		140423941DB9569700D0AA6D /* Demo RepositoryTests.xctest */ = {isa = PBXFileReference; explicitFileType = wrapper.cfbundle; includeInIndex = 0; path = "Demo RepositoryTests.xctest"; sourceTree = BUILT_PRODUCTS_DIR; };
		140423981DB9569700D0AA6D /* Test_thisTests.swift */ = {isa = PBXFileReference; lastKnownFileType = sourcecode.swift; path = Test_thisTests.swift; sourceTree = "<group>"; };
		1404239A1DB9569700D0AA6D /* Info.plist */ = {isa = PBXFileReference; lastKnownFileType = text.plist.xml; path = Info.plist; sourceTree = "<group>"; };
		140423A31DB956B600D0AA6D /* Client.swift */ = {isa = PBXFileReference; fileEncoding = 4; lastKnownFileType = sourcecode.swift; path = Client.swift; sourceTree = "<group>"; };
		142366EA1DC3A1DE004926E0 /* TestAccount.swift */ = {isa = PBXFileReference; fileEncoding = 4; lastKnownFileType = sourcecode.swift; path = TestAccount.swift; sourceTree = "<group>"; };
		142366EC1DC3C082004926E0 /* Controller_LaunchOptions.swift */ = {isa = PBXFileReference; fileEncoding = 4; lastKnownFileType = sourcecode.swift; path = Controller_LaunchOptions.swift; sourceTree = "<group>"; };
		14A5CFD91DD4EF1F0036622E /* TestWidget.appex */ = {isa = PBXFileReference; explicitFileType = "wrapper.app-extension"; includeInIndex = 0; path = TestWidget.appex; sourceTree = BUILT_PRODUCTS_DIR; };
		14A5CFDB1DD4EF1F0036622E /* NotificationCenter.framework */ = {isa = PBXFileReference; lastKnownFileType = wrapper.framework; name = NotificationCenter.framework; path = System/Library/Frameworks/NotificationCenter.framework; sourceTree = SDKROOT; };
		14A5CFDE1DD4EF1F0036622E /* TodayViewController.swift */ = {isa = PBXFileReference; lastKnownFileType = sourcecode.swift; path = TodayViewController.swift; sourceTree = "<group>"; };
		14A5CFE11DD4EF1F0036622E /* Base */ = {isa = PBXFileReference; lastKnownFileType = file.storyboard; name = Base; path = Base.lproj/MainInterface.storyboard; sourceTree = "<group>"; };
		14A5CFE31DD4EF1F0036622E /* Info.plist */ = {isa = PBXFileReference; lastKnownFileType = text.plist.xml; path = Info.plist; sourceTree = "<group>"; };
		14A5CFEB1DD4F8960036622E /* Test this.entitlements */ = {isa = PBXFileReference; lastKnownFileType = text.plist.entitlements; path = "Test this.entitlements"; sourceTree = "<group>"; };
		14A5CFEC1DD4F8F90036622E /* TestWidget.entitlements */ = {isa = PBXFileReference; lastKnownFileType = text.plist.entitlements; path = TestWidget.entitlements; sourceTree = "<group>"; };
/* End PBXFileReference section */

/* Begin PBXFrameworksBuildPhase section */
		1404237B1DB9569700D0AA6D /* Frameworks */ = {
			isa = PBXFrameworksBuildPhase;
			buildActionMask = 2147483647;
			files = (
			);
			runOnlyForDeploymentPostprocessing = 0;
		};
		140423911DB9569700D0AA6D /* Frameworks */ = {
			isa = PBXFrameworksBuildPhase;
			buildActionMask = 2147483647;
			files = (
			);
			runOnlyForDeploymentPostprocessing = 0;
		};
		14A5CFD61DD4EF1F0036622E /* Frameworks */ = {
			isa = PBXFrameworksBuildPhase;
			buildActionMask = 2147483647;
			files = (
				14A5CFDC1DD4EF1F0036622E /* NotificationCenter.framework in Frameworks */,
			);
			runOnlyForDeploymentPostprocessing = 0;
		};
/* End PBXFrameworksBuildPhase section */

/* Begin PBXGroup section */
		140423751DB9569700D0AA6D = {
			isa = PBXGroup;
			children = (
				140423801DB9569700D0AA6D /* Demo Repository */,
				140423971DB9569700D0AA6D /* Test thisTests */,
				14A5CFDD1DD4EF1F0036622E /* TestWidget */,
				14A5CFDA1DD4EF1F0036622E /* Frameworks */,
				1404237F1DB9569700D0AA6D /* Products */,
			);
			sourceTree = "<group>";
		};
		1404237F1DB9569700D0AA6D /* Products */ = {
			isa = PBXGroup;
			children = (
				1404237E1DB9569700D0AA6D /* Demo Repository.app */,
				140423941DB9569700D0AA6D /* Demo RepositoryTests.xctest */,
				14A5CFD91DD4EF1F0036622E /* TestWidget.appex */,
			);
			name = Products;
			sourceTree = "<group>";
		};
		140423801DB9569700D0AA6D /* Demo Repository */ = {
			isa = PBXGroup;
			children = (
				14A5CFEB1DD4F8960036622E /* Test this.entitlements */,
				140423811DB9569700D0AA6D /* AppDelegate.swift */,
				1404238A1DB9569700D0AA6D /* Assets.xcassets */,
				142366EC1DC3C082004926E0 /* Controller_LaunchOptions.swift */,
				140423831DB9569700D0AA6D /* Controller_Main.swift */,
				140080851DCCBDC2005DC33F /* Service.swift */,
				140423851DB9569700D0AA6D /* Controller_WebView.swift */,
				1404238F1DB9569700D0AA6D /* Info.plist */,
				1404238C1DB9569700D0AA6D /* LaunchScreen.storyboard */,
				140423871DB9569700D0AA6D /* Main.storyboard */,
				140423A31DB956B600D0AA6D /* Client.swift */,
				142366EA1DC3A1DE004926E0 /* TestAccount.swift */,
			);
			name = "Demo Repository";
			path = "Test this";
			sourceTree = "<group>";
		};
		140423971DB9569700D0AA6D /* Test thisTests */ = {
			isa = PBXGroup;
			children = (
				140423981DB9569700D0AA6D /* Test_thisTests.swift */,
				1404239A1DB9569700D0AA6D /* Info.plist */,
			);
			path = "Test thisTests";
			sourceTree = "<group>";
		};
		14A5CFDA1DD4EF1F0036622E /* Frameworks */ = {
			isa = PBXGroup;
			children = (
				14A5CFDB1DD4EF1F0036622E /* NotificationCenter.framework */,
			);
			name = Frameworks;
			sourceTree = "<group>";
		};
		14A5CFDD1DD4EF1F0036622E /* TestWidget */ = {
			isa = PBXGroup;
			children = (
				14A5CFEC1DD4F8F90036622E /* TestWidget.entitlements */,
				14A5CFDE1DD4EF1F0036622E /* TodayViewController.swift */,
				14A5CFE01DD4EF1F0036622E /* MainInterface.storyboard */,
				14A5CFE31DD4EF1F0036622E /* Info.plist */,
			);
			path = TestWidget;
			sourceTree = "<group>";
		};
/* End PBXGroup section */

/* Begin PBXNativeTarget section */
		1404237D1DB9569700D0AA6D /* Demo Repository */ = {
			isa = PBXNativeTarget;
			buildConfigurationList = 1404239D1DB9569700D0AA6D /* Build configuration list for PBXNativeTarget "Demo Repository" */;
			buildPhases = (
				1404237A1DB9569700D0AA6D /* Sources */,
				1404237B1DB9569700D0AA6D /* Frameworks */,
				1404237C1DB9569700D0AA6D /* Resources */,
				14A5CFEA1DD4EF1F0036622E /* Embed App Extensions */,
			);
			buildRules = (
			);
			dependencies = (
				14A5CFE51DD4EF1F0036622E /* PBXTargetDependency */,
			);
			name = "Demo Repository";
			productName = "Test this";
			productReference = 1404237E1DB9569700D0AA6D /* Demo Repository.app */;
			productType = "com.apple.product-type.application";
		};
		140423931DB9569700D0AA6D /* Demo RepositoryTests */ = {
			isa = PBXNativeTarget;
			buildConfigurationList = 140423A01DB9569700D0AA6D /* Build configuration list for PBXNativeTarget "Demo RepositoryTests" */;
			buildPhases = (
				140423901DB9569700D0AA6D /* Sources */,
				140423911DB9569700D0AA6D /* Frameworks */,
				140423921DB9569700D0AA6D /* Resources */,
			);
			buildRules = (
			);
			dependencies = (
				140423961DB9569700D0AA6D /* PBXTargetDependency */,
			);
			name = "Demo RepositoryTests";
			productName = "Test thisTests";
			productReference = 140423941DB9569700D0AA6D /* Demo RepositoryTests.xctest */;
			productType = "com.apple.product-type.bundle.unit-test";
		};
		14A5CFD81DD4EF1F0036622E /* TestWidget */ = {
			isa = PBXNativeTarget;
			buildConfigurationList = 14A5CFE91DD4EF1F0036622E /* Build configuration list for PBXNativeTarget "TestWidget" */;
			buildPhases = (
				14A5CFD51DD4EF1F0036622E /* Sources */,
				14A5CFD61DD4EF1F0036622E /* Frameworks */,
				14A5CFD71DD4EF1F0036622E /* Resources */,
			);
			buildRules = (
			);
			dependencies = (
			);
			name = TestWidget;
			productName = TestWidget;
			productReference = 14A5CFD91DD4EF1F0036622E /* TestWidget.appex */;
			productType = "com.apple.product-type.app-extension";
		};
/* End PBXNativeTarget section */

/* Begin PBXProject section */
		140423761DB9569700D0AA6D /* Project object */ = {
			isa = PBXProject;
			attributes = {
				LastSwiftUpdateCheck = 0800;
				LastUpgradeCheck = 0800;
				ORGANIZATIONNAME = Zack;
				TargetAttributes = {
					1404237D1DB9569700D0AA6D = {
						CreatedOnToolsVersion = 8.0;
						DevelopmentTeam = FSKDLFC2L2;
						ProvisioningStyle = Automatic;
						SystemCapabilities = {
							com.apple.ApplicationGroups.iOS = {
								enabled = 1;
							};
						};
					};
					140423931DB9569700D0AA6D = {
						CreatedOnToolsVersion = 8.0;
						ProvisioningStyle = Automatic;
						TestTargetID = 1404237D1DB9569700D0AA6D;
					};
					14A5CFD81DD4EF1F0036622E = {
						CreatedOnToolsVersion = 8.0;
						DevelopmentTeam = FSKDLFC2L2;
						ProvisioningStyle = Automatic;
						SystemCapabilities = {
							com.apple.ApplicationGroups.iOS = {
								enabled = 1;
							};
						};
					};
				};
			};
			buildConfigurationList = 140423791DB9569700D0AA6D /* Build configuration list for PBXProject "Demo Repository" */;
			compatibilityVersion = "Xcode 3.2";
			developmentRegion = English;
			hasScannedForEncodings = 0;
			knownRegions = (
				en,
				Base,
			);
			mainGroup = 140423751DB9569700D0AA6D;
			productRefGroup = 1404237F1DB9569700D0AA6D /* Products */;
			projectDirPath = "";
			projectRoot = "";
			targets = (
				1404237D1DB9569700D0AA6D /* Demo Repository */,
				140423931DB9569700D0AA6D /* Demo RepositoryTests */,
				14A5CFD81DD4EF1F0036622E /* TestWidget */,
			);
		};
/* End PBXProject section */

/* Begin PBXResourcesBuildPhase section */
		1404237C1DB9569700D0AA6D /* Resources */ = {
			isa = PBXResourcesBuildPhase;
			buildActionMask = 2147483647;
			files = (
				1404238E1DB9569700D0AA6D /* LaunchScreen.storyboard in Resources */,
				1404238B1DB9569700D0AA6D /* Assets.xcassets in Resources */,
				140423891DB9569700D0AA6D /* Main.storyboard in Resources */,
			);
			runOnlyForDeploymentPostprocessing = 0;
		};
		140423921DB9569700D0AA6D /* Resources */ = {
			isa = PBXResourcesBuildPhase;
			buildActionMask = 2147483647;
			files = (
			);
			runOnlyForDeploymentPostprocessing = 0;
		};
		14A5CFD71DD4EF1F0036622E /* Resources */ = {
			isa = PBXResourcesBuildPhase;
			buildActionMask = 2147483647;
			files = (
				14A5CFE21DD4EF1F0036622E /* MainInterface.storyboard in Resources */,
			);
			runOnlyForDeploymentPostprocessing = 0;
		};
/* End PBXResourcesBuildPhase section */

/* Begin PBXSourcesBuildPhase section */
		1404237A1DB9569700D0AA6D /* Sources */ = {
			isa = PBXSourcesBuildPhase;
			buildActionMask = 2147483647;
			files = (
				140423861DB9569700D0AA6D /* Controller_WebView.swift in Sources */,
				140080861DCCBDC2005DC33F /* Service.swift in Sources */,
				142366EB1DC3A1DE004926E0 /* TestAccount.swift in Sources */,
				140423821DB9569700D0AA6D /* AppDelegate.swift in Sources */,
				140423A41DB956B600D0AA6D /* Client.swift in Sources */,
				140423841DB9569700D0AA6D /* Controller_Main.swift in Sources */,
				142366ED1DC3C082004926E0 /* Controller_LaunchOptions.swift in Sources */,
			);
			runOnlyForDeploymentPostprocessing = 0;
		};
		140423901DB9569700D0AA6D /* Sources */ = {
			isa = PBXSourcesBuildPhase;
			buildActionMask = 2147483647;
			files = (
				140423991DB9569700D0AA6D /* Test_thisTests.swift in Sources */,
			);
			runOnlyForDeploymentPostprocessing = 0;
		};
		14A5CFD51DD4EF1F0036622E /* Sources */ = {
			isa = PBXSourcesBuildPhase;
			buildActionMask = 2147483647;
			files = (
				14A5CFDF1DD4EF1F0036622E /* TodayViewController.swift in Sources */,
			);
			runOnlyForDeploymentPostprocessing = 0;
		};
/* End PBXSourcesBuildPhase section */

/* Begin PBXTargetDependency section */
		140423961DB9569700D0AA6D /* PBXTargetDependency */ = {
			isa = PBXTargetDependency;
			target = 1404237D1DB9569700D0AA6D /* Demo Repository */;
			targetProxy = 140423951DB9569700D0AA6D /* PBXContainerItemProxy */;
		};
		14A5CFE51DD4EF1F0036622E /* PBXTargetDependency */ = {
			isa = PBXTargetDependency;
			target = 14A5CFD81DD4EF1F0036622E /* TestWidget */;
			targetProxy = 14A5CFE41DD4EF1F0036622E /* PBXContainerItemProxy */;
		};
/* End PBXTargetDependency section */

/* Begin PBXVariantGroup section */
		140423871DB9569700D0AA6D /* Main.storyboard */ = {
			isa = PBXVariantGroup;
			children = (
				140423881DB9569700D0AA6D /* Base */,
			);
			name = Main.storyboard;
			sourceTree = "<group>";
		};
		1404238C1DB9569700D0AA6D /* LaunchScreen.storyboard */ = {
			isa = PBXVariantGroup;
			children = (
				1404238D1DB9569700D0AA6D /* Base */,
			);
			name = LaunchScreen.storyboard;
			sourceTree = "<group>";
		};
		14A5CFE01DD4EF1F0036622E /* MainInterface.storyboard */ = {
			isa = PBXVariantGroup;
			children = (
				14A5CFE11DD4EF1F0036622E /* Base */,
			);
			name = MainInterface.storyboard;
			sourceTree = "<group>";
		};
/* End PBXVariantGroup section */

/* Begin XCBuildConfiguration section */
		1404239B1DB9569700D0AA6D /* Debug */ = {
			isa = XCBuildConfiguration;
			buildSettings = {
				ALWAYS_SEARCH_USER_PATHS = NO;
				CLANG_ANALYZER_NONNULL = YES;
				CLANG_CXX_LANGUAGE_STANDARD = "gnu++0x";
				CLANG_CXX_LIBRARY = "libc++";
				CLANG_ENABLE_MODULES = YES;
				CLANG_ENABLE_OBJC_ARC = YES;
				CLANG_WARN_BOOL_CONVERSION = YES;
				CLANG_WARN_CONSTANT_CONVERSION = YES;
				CLANG_WARN_DIRECT_OBJC_ISA_USAGE = YES_ERROR;
				CLANG_WARN_DOCUMENTATION_COMMENTS = YES;
				CLANG_WARN_EMPTY_BODY = YES;
				CLANG_WARN_ENUM_CONVERSION = YES;
				CLANG_WARN_INFINITE_RECURSION = YES;
				CLANG_WARN_INT_CONVERSION = YES;
				CLANG_WARN_OBJC_ROOT_CLASS = YES_ERROR;
				CLANG_WARN_SUSPICIOUS_MOVES = YES;
				CLANG_WARN_UNREACHABLE_CODE = YES;
				CLANG_WARN__DUPLICATE_METHOD_MATCH = YES;
				"CODE_SIGN_IDENTITY[sdk=iphoneos*]" = "iPhone Developer";
				COPY_PHASE_STRIP = NO;
				DEBUG_INFORMATION_FORMAT = dwarf;
				ENABLE_STRICT_OBJC_MSGSEND = YES;
				ENABLE_TESTABILITY = YES;
				GCC_C_LANGUAGE_STANDARD = gnu99;
				GCC_DYNAMIC_NO_PIC = NO;
				GCC_NO_COMMON_BLOCKS = YES;
				GCC_OPTIMIZATION_LEVEL = 0;
				GCC_PREPROCESSOR_DEFINITIONS = (
					"DEBUG=1",
					"$(inherited)",
				);
				GCC_WARN_64_TO_32_BIT_CONVERSION = YES;
				GCC_WARN_ABOUT_RETURN_TYPE = YES_ERROR;
				GCC_WARN_UNDECLARED_SELECTOR = YES;
				GCC_WARN_UNINITIALIZED_AUTOS = YES_AGGRESSIVE;
				GCC_WARN_UNUSED_FUNCTION = YES;
				GCC_WARN_UNUSED_VARIABLE = YES;
				IPHONEOS_DEPLOYMENT_TARGET = 10.0;
				MTL_ENABLE_DEBUG_INFO = YES;
				ONLY_ACTIVE_ARCH = YES;
				SDKROOT = iphoneos;
				SWIFT_ACTIVE_COMPILATION_CONDITIONS = DEBUG;
				SWIFT_OPTIMIZATION_LEVEL = "-Onone";
				TARGETED_DEVICE_FAMILY = "1,2";
			};
			name = Debug;
		};
		1404239C1DB9569700D0AA6D /* Release */ = {
			isa = XCBuildConfiguration;
			buildSettings = {
				ALWAYS_SEARCH_USER_PATHS = NO;
				CLANG_ANALYZER_NONNULL = YES;
				CLANG_CXX_LANGUAGE_STANDARD = "gnu++0x";
				CLANG_CXX_LIBRARY = "libc++";
				CLANG_ENABLE_MODULES = YES;
				CLANG_ENABLE_OBJC_ARC = YES;
				CLANG_WARN_BOOL_CONVERSION = YES;
				CLANG_WARN_CONSTANT_CONVERSION = YES;
				CLANG_WARN_DIRECT_OBJC_ISA_USAGE = YES_ERROR;
				CLANG_WARN_DOCUMENTATION_COMMENTS = YES;
				CLANG_WARN_EMPTY_BODY = YES;
				CLANG_WARN_ENUM_CONVERSION = YES;
				CLANG_WARN_INFINITE_RECURSION = YES;
				CLANG_WARN_INT_CONVERSION = YES;
				CLANG_WARN_OBJC_ROOT_CLASS = YES_ERROR;
				CLANG_WARN_SUSPICIOUS_MOVES = YES;
				CLANG_WARN_UNREACHABLE_CODE = YES;
				CLANG_WARN__DUPLICATE_METHOD_MATCH = YES;
				"CODE_SIGN_IDENTITY[sdk=iphoneos*]" = "iPhone Developer";
				COPY_PHASE_STRIP = NO;
				DEBUG_INFORMATION_FORMAT = "dwarf-with-dsym";
				ENABLE_NS_ASSERTIONS = NO;
				ENABLE_STRICT_OBJC_MSGSEND = YES;
				GCC_C_LANGUAGE_STANDARD = gnu99;
				GCC_NO_COMMON_BLOCKS = YES;
				GCC_WARN_64_TO_32_BIT_CONVERSION = YES;
				GCC_WARN_ABOUT_RETURN_TYPE = YES_ERROR;
				GCC_WARN_UNDECLARED_SELECTOR = YES;
				GCC_WARN_UNINITIALIZED_AUTOS = YES_AGGRESSIVE;
				GCC_WARN_UNUSED_FUNCTION = YES;
				GCC_WARN_UNUSED_VARIABLE = YES;
				IPHONEOS_DEPLOYMENT_TARGET = 10.0;
				MTL_ENABLE_DEBUG_INFO = NO;
				SDKROOT = iphoneos;
				SWIFT_OPTIMIZATION_LEVEL = "-Owholemodule";
				TARGETED_DEVICE_FAMILY = "1,2";
				VALIDATE_PRODUCT = YES;
			};
			name = Release;
		};
		1404239E1DB9569700D0AA6D /* Debug */ = {
			isa = XCBuildConfiguration;
			buildSettings = {
				ALWAYS_EMBED_SWIFT_STANDARD_LIBRARIES = YES;
				ASSETCATALOG_COMPILER_APPICON_NAME = AppIcon;
				CODE_SIGN_ENTITLEMENTS = "Test this/Test this.entitlements";
				DEVELOPMENT_TEAM = FSKDLFC2L2;
				INFOPLIST_FILE = "Test this/Info.plist";
				LD_RUNPATH_SEARCH_PATHS = "$(inherited) @executable_path/Frameworks";
				PRODUCT_BUNDLE_IDENTIFIER = "Swift.Test-this";
				PRODUCT_NAME = "$(TARGET_NAME)";
				SWIFT_VERSION = 3.0;
			};
			name = Debug;
		};
		1404239F1DB9569700D0AA6D /* Release */ = {
			isa = XCBuildConfiguration;
			buildSettings = {
				ALWAYS_EMBED_SWIFT_STANDARD_LIBRARIES = YES;
				ASSETCATALOG_COMPILER_APPICON_NAME = AppIcon;
				CODE_SIGN_ENTITLEMENTS = "Test this/Test this.entitlements";
				DEVELOPMENT_TEAM = FSKDLFC2L2;
				INFOPLIST_FILE = "Test this/Info.plist";
				LD_RUNPATH_SEARCH_PATHS = "$(inherited) @executable_path/Frameworks";
				PRODUCT_BUNDLE_IDENTIFIER = "Swift.Test-this";
				PRODUCT_NAME = "$(TARGET_NAME)";
				SWIFT_VERSION = 3.0;
			};
			name = Release;
		};
		140423A11DB9569700D0AA6D /* Debug */ = {
			isa = XCBuildConfiguration;
			buildSettings = {
				ALWAYS_EMBED_SWIFT_STANDARD_LIBRARIES = YES;
				BUNDLE_LOADER = "$(TEST_HOST)";
				INFOPLIST_FILE = "Test thisTests/Info.plist";
				LD_RUNPATH_SEARCH_PATHS = "$(inherited) @executable_path/Frameworks @loader_path/Frameworks";
				PRODUCT_BUNDLE_IDENTIFIER = "Swift.Test-thisTests";
				PRODUCT_NAME = "$(TARGET_NAME)";
				SWIFT_VERSION = 3.0;
				TEST_HOST = "$(BUILT_PRODUCTS_DIR)/Demo Repository.app/Demo Repository";
			};
			name = Debug;
		};
		140423A21DB9569700D0AA6D /* Release */ = {
			isa = XCBuildConfiguration;
			buildSettings = {
				ALWAYS_EMBED_SWIFT_STANDARD_LIBRARIES = YES;
				BUNDLE_LOADER = "$(TEST_HOST)";
				INFOPLIST_FILE = "Test thisTests/Info.plist";
				LD_RUNPATH_SEARCH_PATHS = "$(inherited) @executable_path/Frameworks @loader_path/Frameworks";
				PRODUCT_BUNDLE_IDENTIFIER = "Swift.Test-thisTests";
				PRODUCT_NAME = "$(TARGET_NAME)";
				SWIFT_VERSION = 3.0;
				TEST_HOST = "$(BUILT_PRODUCTS_DIR)/Demo Repository.app/Demo Repository";
			};
			name = Release;
		};
		14A5CFE71DD4EF1F0036622E /* Debug */ = {
			isa = XCBuildConfiguration;
			buildSettings = {
				CODE_SIGN_ENTITLEMENTS = TestWidget/TestWidget.entitlements;
				DEVELOPMENT_TEAM = FSKDLFC2L2;
				INFOPLIST_FILE = TestWidget/Info.plist;
				LD_RUNPATH_SEARCH_PATHS = "$(inherited) @executable_path/Frameworks @executable_path/../../Frameworks";
				PRODUCT_BUNDLE_IDENTIFIER = "Swift.Test-this.TestWidget";
				PRODUCT_NAME = "$(TARGET_NAME)";
				SKIP_INSTALL = YES;
				SWIFT_VERSION = 3.0;
			};
			name = Debug;
		};
		14A5CFE81DD4EF1F0036622E /* Release */ = {
			isa = XCBuildConfiguration;
			buildSettings = {
				CODE_SIGN_ENTITLEMENTS = TestWidget/TestWidget.entitlements;
				DEVELOPMENT_TEAM = FSKDLFC2L2;
				INFOPLIST_FILE = TestWidget/Info.plist;
				LD_RUNPATH_SEARCH_PATHS = "$(inherited) @executable_path/Frameworks @executable_path/../../Frameworks";
				PRODUCT_BUNDLE_IDENTIFIER = "Swift.Test-this.TestWidget";
				PRODUCT_NAME = "$(TARGET_NAME)";
				SKIP_INSTALL = YES;
				SWIFT_VERSION = 3.0;
			};
			name = Release;
		};
/* End XCBuildConfiguration section */

/* Begin XCConfigurationList section */
		140423791DB9569700D0AA6D /* Build configuration list for PBXProject "Demo Repository" */ = {
			isa = XCConfigurationList;
			buildConfigurations = (
				1404239B1DB9569700D0AA6D /* Debug */,
				1404239C1DB9569700D0AA6D /* Release */,
			);
			defaultConfigurationIsVisible = 0;
			defaultConfigurationName = Release;
		};
		1404239D1DB9569700D0AA6D /* Build configuration list for PBXNativeTarget "Demo Repository" */ = {
			isa = XCConfigurationList;
			buildConfigurations = (
				1404239E1DB9569700D0AA6D /* Debug */,
				1404239F1DB9569700D0AA6D /* Release */,
			);
			defaultConfigurationIsVisible = 0;
			defaultConfigurationName = Release;
		};
		140423A01DB9569700D0AA6D /* Build configuration list for PBXNativeTarget "Demo RepositoryTests" */ = {
			isa = XCConfigurationList;
			buildConfigurations = (
				140423A11DB9569700D0AA6D /* Debug */,
				140423A21DB9569700D0AA6D /* Release */,
			);
			defaultConfigurationIsVisible = 0;
			defaultConfigurationName = Release;
		};
		14A5CFE91DD4EF1F0036622E /* Build configuration list for PBXNativeTarget "TestWidget" */ = {
			isa = XCConfigurationList;
			buildConfigurations = (
				14A5CFE71DD4EF1F0036622E /* Debug */,
				14A5CFE81DD4EF1F0036622E /* Release */,
			);
			defaultConfigurationIsVisible = 0;
		};
/* End XCConfigurationList section */
	};
	rootObject = 140423761DB9569700D0AA6D /* Project object */;
}
